
Microsoft Visual Studio Solution File, Format Version 12.00
# Visual Studio Version 16
VisualStudioVersion = 16.0.31729.503
MinimumVisualStudioVersion = 10.0.40219.1
Project("{FAE04EC0-301F-11D3-BF4B-00C04F79EFBC}") = "UnitConverter", "UnitConverter\UnitConverter.csproj", "{2C58B699-BACA-477A-9AD4-ABAC328FC70F}"
EndProject
Global
	GlobalSection(SolutionConfigurationPlatforms) = preSolution
		Debug|Any CPU = Debug|Any CPU
		Release|Any CPU = Release|Any CPU
	EndGlobalSection
	GlobalSection(ProjectConfigurationPlatforms) = postSolution
		{2C58B699-BACA-477A-9AD4-ABAC328FC70F}.Debug|Any CPU.ActiveCfg = Debug|Any CPU
		{2C58B699-BACA-477A-9AD4-ABAC328FC70F}.Debug|Any CPU.Build.0 = Debug|Any CPU
		{2C58B699-BACA-477A-9AD4-ABAC328FC70F}.Release|Any CPU.ActiveCfg = Release|Any CPU
		{2C58B699-BACA-477A-9AD4-ABAC328FC70F}.Release|Any CPU.Build.0 = Release|Any CPU
	EndGlobalSection
	GlobalSection(SolutionProperties) = preSolution
		HideSolutionNode = FALSE
	EndGlobalSection
	GlobalSection(ExtensibilityGlobals) = postSolution
		SolutionGuid = {C5F695F3-1711-49E0-8DFB-082BD66155B7}
	EndGlobalSection
EndGlobal
